{
  "name": "法宝礼请",
  "version": "1.0.0",
  "lockfileVersion": 2,
  "requires": true,
  "packages": {
    "": {
<<<<<<< HEAD
      "name": "mallplus多商户商城",
=======
      "name": "法宝礼请",
>>>>>>> 4a80079e1b0a31c464204fdde5799f57b7e78776
      "version": "1.0.0",
      "license": "ISC",
      "dependencies": {
        "amap-js": "^1.2.1",
        "caniuse-lite": "^1.0.30001299",
        "jweixin-module": "^1.6.0",
        "weixin-js-sdk": "^1.4.0-test"
      },
      "devDependencies": {}
    },
    "node_modules/@babel/polyfill": {
      "version": "7.12.1",
      "resolved": "https://registry.npmjs.org/@babel/polyfill/-/polyfill-7.12.1.tgz",
      "integrity": "sha512-X0pi0V6gxLi6lFZpGmeNa4zxtwEmCs42isWLNjZZDE0Y8yVfgu0T2OAHlzBbdYlqbW/YXVvoBHpATEM+goCj8g==",
      "deprecated": "🚨 This package has been deprecated in favor of separate inclusion of a polyfill and regenerator-runtime (when needed). See the @babel/polyfill docs (https://babeljs.io/docs/en/babel-polyfill) for more information.",
      "dependencies": {
        "core-js": "^2.6.5",
        "regenerator-runtime": "^0.13.4"
      }
    },
    "node_modules/amap-js": {
      "version": "1.2.1",
      "resolved": "https://registry.npmjs.org/amap-js/-/amap-js-1.2.1.tgz",
      "integrity": "sha512-kEgT6dyNalnQF90PAZ1GPZbhAvanT0xtPFcOa00gkHO6HzEm8pKpi/tMrPa3DryiMQ7V6EGJCGSzhx3MHum+hw==",
      "dependencies": {
        "@babel/polyfill": "^7.2.5",
        "http-jsonp": "^1.1.1"
      }
    },
    "node_modules/caniuse-lite": {
      "version": "1.0.30001299",
      "resolved": "https://registry.npmjs.org/caniuse-lite/-/caniuse-lite-1.0.30001299.tgz",
<<<<<<< HEAD
      "integrity": "sha512-iujN4+x7QzqA2NCSrS5VUy+4gLmRd4xv6vbBBsmfVqTx8bLAD8097euLqQgKxSVLvxjSDcvF1T/i9ocgnUFexw==",
      "funding": {
        "type": "opencollective",
        "url": "https://opencollective.com/browserslist"
      }
=======
      "integrity": "sha512-iujN4+x7QzqA2NCSrS5VUy+4gLmRd4xv6vbBBsmfVqTx8bLAD8097euLqQgKxSVLvxjSDcvF1T/i9ocgnUFexw=="
>>>>>>> 4a80079e1b0a31c464204fdde5799f57b7e78776
    },
    "node_modules/core-js": {
      "version": "2.6.12",
      "resolved": "https://registry.npmjs.org/core-js/-/core-js-2.6.12.tgz",
      "integrity": "sha512-Kb2wC0fvsWfQrgk8HU5lW6U/Lcs8+9aaYcy4ZFc6DDlo4nZ7n70dEgE5rtR0oG6ufKDUnrwfWL1mXR5ljDatrQ==",
      "deprecated": "core-js@<3.4 is no longer maintained and not recommended for usage due to the number of issues. Because of the V8 engine whims, feature detection in old core-js versions could cause a slowdown up to 100x even if nothing is polyfilled. Please, upgrade your dependencies to the actual version of core-js.",
      "hasInstallScript": true
    },
    "node_modules/http-jsonp": {
      "version": "1.1.1",
      "resolved": "https://registry.npmjs.org/http-jsonp/-/http-jsonp-1.1.1.tgz",
      "integrity": "sha512-ZXegkBJDtoCGzGjnsoHuandNUJGe5jwIdeetVJIOLYJUO7mzR9SOjFQv9acO3zekHALLiPMnNJbt1LLDzprU3A=="
    },
    "node_modules/jweixin-module": {
      "version": "1.6.0",
      "resolved": "https://registry.npm.taobao.org/jweixin-module/download/jweixin-module-1.6.0.tgz",
      "integrity": "sha1-Sn6mFAg+PJw/SeL9wruILPpY380="
    },
    "node_modules/regenerator-runtime": {
      "version": "0.13.9",
      "resolved": "https://registry.npmjs.org/regenerator-runtime/-/regenerator-runtime-0.13.9.tgz",
      "integrity": "sha512-p3VT+cOEgxFsRRA9X4lkI1E+k2/CtnKtU4gcxyaCUreilL/vqI6CdZ3wxVUx3UOUg+gnUOQQcRI7BmSI656MYA=="
    },
    "node_modules/weixin-js-sdk": {
      "version": "1.4.0-test",
      "resolved": "https://registry.npm.taobao.org/weixin-js-sdk/download/weixin-js-sdk-1.4.0-test.tgz",
      "integrity": "sha1-YSu6/Ml62E9a/m3IRwFTTMWfw8o="
    }
  },
  "dependencies": {
    "@babel/polyfill": {
      "version": "7.12.1",
      "resolved": "https://registry.npmjs.org/@babel/polyfill/-/polyfill-7.12.1.tgz",
      "integrity": "sha512-X0pi0V6gxLi6lFZpGmeNa4zxtwEmCs42isWLNjZZDE0Y8yVfgu0T2OAHlzBbdYlqbW/YXVvoBHpATEM+goCj8g==",
      "requires": {
        "core-js": "^2.6.5",
        "regenerator-runtime": "^0.13.4"
      }
    },
    "amap-js": {
      "version": "1.2.1",
      "resolved": "https://registry.npmjs.org/amap-js/-/amap-js-1.2.1.tgz",
      "integrity": "sha512-kEgT6dyNalnQF90PAZ1GPZbhAvanT0xtPFcOa00gkHO6HzEm8pKpi/tMrPa3DryiMQ7V6EGJCGSzhx3MHum+hw==",
      "requires": {
        "@babel/polyfill": "^7.2.5",
        "http-jsonp": "^1.1.1"
      }
    },
    "caniuse-lite": {
      "version": "1.0.30001299",
      "resolved": "https://registry.npmjs.org/caniuse-lite/-/caniuse-lite-1.0.30001299.tgz",
      "integrity": "sha512-iujN4+x7QzqA2NCSrS5VUy+4gLmRd4xv6vbBBsmfVqTx8bLAD8097euLqQgKxSVLvxjSDcvF1T/i9ocgnUFexw=="
    },
    "core-js": {
      "version": "2.6.12",
      "resolved": "https://registry.npmjs.org/core-js/-/core-js-2.6.12.tgz",
      "integrity": "sha512-Kb2wC0fvsWfQrgk8HU5lW6U/Lcs8+9aaYcy4ZFc6DDlo4nZ7n70dEgE5rtR0oG6ufKDUnrwfWL1mXR5ljDatrQ=="
    },
    "http-jsonp": {
      "version": "1.1.1",
      "resolved": "https://registry.npmjs.org/http-jsonp/-/http-jsonp-1.1.1.tgz",
      "integrity": "sha512-ZXegkBJDtoCGzGjnsoHuandNUJGe5jwIdeetVJIOLYJUO7mzR9SOjFQv9acO3zekHALLiPMnNJbt1LLDzprU3A=="
    },
    "jweixin-module": {
      "version": "1.6.0",
      "resolved": "https://registry.npm.taobao.org/jweixin-module/download/jweixin-module-1.6.0.tgz",
      "integrity": "sha1-Sn6mFAg+PJw/SeL9wruILPpY380="
    },
<<<<<<< HEAD
=======
<<<<<<< HEAD
    "moment": {
      "version": "2.29.3",
      "resolved": "https://registry.npmjs.org/moment/-/moment-2.29.3.tgz",
      "integrity": "sha512-c6YRvhEo//6T2Jz/vVtYzqBzwvPT95JBQ+smCytzf7c50oMZRsR/a4w88aD34I+/QVSfnoAnSBFPJHItlOMJVw=="
=======
>>>>>>> 4a80079e1b0a31c464204fdde5799f57b7e78776
    "regenerator-runtime": {
      "version": "0.13.9",
      "resolved": "https://registry.npmjs.org/regenerator-runtime/-/regenerator-runtime-0.13.9.tgz",
      "integrity": "sha512-p3VT+cOEgxFsRRA9X4lkI1E+k2/CtnKtU4gcxyaCUreilL/vqI6CdZ3wxVUx3UOUg+gnUOQQcRI7BmSI656MYA=="
<<<<<<< HEAD
=======
>>>>>>> a013ecd7a78e452edaf20ad093bbaf40fb8ed6b8
>>>>>>> 4a80079e1b0a31c464204fdde5799f57b7e78776
    },
    "weixin-js-sdk": {
      "version": "1.4.0-test",
      "resolved": "https://registry.npm.taobao.org/weixin-js-sdk/download/weixin-js-sdk-1.4.0-test.tgz",
      "integrity": "sha1-YSu6/Ml62E9a/m3IRwFTTMWfw8o="
    }
  }
}
